// !$*UTF8*$!
{
	archiveVersion = 1;
	classes = {
	};
	objectVersion = 46;
	objects = {

/* Begin PBXBuildFile section */
		66D6476E7478ACAD0B46D6BC /* Pods.framework in Frameworks */ = {isa = PBXBuildFile; fileRef = 96AF9574B47CB357040D7D21 /* Pods.framework */; };
		6B09E41B1CF302D400971E2B /* FormViewController.swift in Sources */ = {isa = PBXBuildFile; fileRef = 6B09E41A1CF302D400971E2B /* FormViewController.swift */; };
		6B09E4211CF4545400971E2B /* Form.storyboard in Resources */ = {isa = PBXBuildFile; fileRef = 6B09E4201CF4545400971E2B /* Form.storyboard */; };
		6B09E4241CF4575200971E2B /* FormImageTableViewCell.swift in Sources */ = {isa = PBXBuildFile; fileRef = 6B09E4221CF4575200971E2B /* FormImageTableViewCell.swift */; };
		6B09E4251CF4575200971E2B /* FormImageTableViewCell.xib in Resources */ = {isa = PBXBuildFile; fileRef = 6B09E4231CF4575200971E2B /* FormImageTableViewCell.xib */; };
		6B09E4271CF45F4C00971E2B /* FormTableView.swift in Sources */ = {isa = PBXBuildFile; fileRef = 6B09E4261CF45F4C00971E2B /* FormTableView.swift */; };
		6B09E4291CF7DA7C00971E2B /* BaseTabBarController.swift in Sources */ = {isa = PBXBuildFile; fileRef = 6B09E4281CF7DA7C00971E2B /* BaseTabBarController.swift */; };
		6B09E42B1CF7DAB700971E2B /* Home.storyboard in Resources */ = {isa = PBXBuildFile; fileRef = 6B09E42A1CF7DAB700971E2B /* Home.storyboard */; };
		6B7517201CFC1CB6007E777E /* ImageChose.png in Resources */ = {isa = PBXBuildFile; fileRef = 6B75171E1CFC1CB6007E777E /* ImageChose.png */; };
		6B7517211CFC1CB6007E777E /* right.png in Resources */ = {isa = PBXBuildFile; fileRef = 6B75171F1CFC1CB6007E777E /* right.png */; };
		6B7517231CFC24DF007E777E /* LaunchScreen.xib in Resources */ = {isa = PBXBuildFile; fileRef = 6B7517221CFC24DF007E777E /* LaunchScreen.xib */; };
		A22AEF641D011AB70034616C /* Feed.storyboard in Resources */ = {isa = PBXBuildFile; fileRef = A22AEF621D011AB70034616C /* Feed.storyboard */; };
		A22AEF651D011AB70034616C /* FeedViewController.swift in Sources */ = {isa = PBXBuildFile; fileRef = A22AEF631D011AB70034616C /* FeedViewController.swift */; };
		A22AEF6C1D011AC90034616C /* Message.storyboard in Resources */ = {isa = PBXBuildFile; fileRef = A22AEF671D011AC90034616C /* Message.storyboard */; };
		A22AEF6D1D011AC90034616C /* MessageViewController.swift in Sources */ = {isa = PBXBuildFile; fileRef = A22AEF681D011AC90034616C /* MessageViewController.swift */; };
		A22AEF6E1D011AC90034616C /* Mypage.storyboard in Resources */ = {isa = PBXBuildFile; fileRef = A22AEF6A1D011AC90034616C /* Mypage.storyboard */; };
		A22AEF6F1D011AC90034616C /* MypageViewController.swift in Sources */ = {isa = PBXBuildFile; fileRef = A22AEF6B1D011AC90034616C /* MypageViewController.swift */; };
		A22AEF761D011AD80034616C /* Registration ViewController.swift in Sources */ = {isa = PBXBuildFile; fileRef = A22AEF711D011AD80034616C /* Registration ViewController.swift */; };
		A22AEF771D011AD80034616C /* Registration.storyboard in Resources */ = {isa = PBXBuildFile; fileRef = A22AEF721D011AD80034616C /* Registration.storyboard */; };
		A22AEF781D011AD80034616C /* Search.storyboard in Resources */ = {isa = PBXBuildFile; fileRef = A22AEF741D011AD80034616C /* Search.storyboard */; };
		A22AEF791D011AD80034616C /* SearchViewController.swift in Sources */ = {isa = PBXBuildFile; fileRef = A22AEF751D011AD80034616C /* SearchViewController.swift */; };
		A22AEF811D015ABE0034616C /* FeedTableView.swift in Sources */ = {isa = PBXBuildFile; fileRef = A22AEF801D015ABE0034616C /* FeedTableView.swift */; };
		DB4873B81C8B61C400D09665 /* AppDelegate.swift in Sources */ = {isa = PBXBuildFile; fileRef = DB4873B71C8B61C400D09665 /* AppDelegate.swift */; };
		DB4873BA1C8B61C400D09665 /* ViewController.swift in Sources */ = {isa = PBXBuildFile; fileRef = DB4873B91C8B61C400D09665 /* ViewController.swift */; };
		DB4873BD1C8B61C400D09665 /* Main.storyboard in Resources */ = {isa = PBXBuildFile; fileRef = DB4873BB1C8B61C400D09665 /* Main.storyboard */; };
		DB4873BF1C8B61C400D09665 /* Assets.xcassets in Resources */ = {isa = PBXBuildFile; fileRef = DB4873BE1C8B61C400D09665 /* Assets.xcassets */; };
		DB4873CD1C8B61C400D09665 /* TakeOneTests.swift in Sources */ = {isa = PBXBuildFile; fileRef = DB4873CC1C8B61C400D09665 /* TakeOneTests.swift */; };
		DB4873D81C8B61C400D09665 /* TakeOneUITests.swift in Sources */ = {isa = PBXBuildFile; fileRef = DB4873D71C8B61C400D09665 /* TakeOneUITests.swift */; };
		DB5C46E91C8C17180095B5C4 /* cH1.png in Resources */ = {isa = PBXBuildFile; fileRef = DB5C46E41C8C17180095B5C4 /* cH1.png */; };
		DB5C46EA1C8C17180095B5C4 /* cH2.png in Resources */ = {isa = PBXBuildFile; fileRef = DB5C46E51C8C17180095B5C4 /* cH2.png */; };
		DB5C46EB1C8C17180095B5C4 /* cH3.png in Resources */ = {isa = PBXBuildFile; fileRef = DB5C46E61C8C17180095B5C4 /* cH3.png */; };
		DB5C46EC1C8C17180095B5C4 /* logBg.png in Resources */ = {isa = PBXBuildFile; fileRef = DB5C46E71C8C17180095B5C4 /* logBg.png */; };
		DB5C46ED1C8C17180095B5C4 /* logo.png in Resources */ = {isa = PBXBuildFile; fileRef = DB5C46E81C8C17180095B5C4 /* logo.png */; };
		DBD22B731CB2750D00CD2F18 /* ProductList.storyboard in Resources */ = {isa = PBXBuildFile; fileRef = DBD22B721CB2750D00CD2F18 /* ProductList.storyboard */; };
		DBD912B71C8DAF9500A9CD80 /* ProfileRegisterScene.swift in Sources */ = {isa = PBXBuildFile; fileRef = DBD912B61C8DAF9500A9CD80 /* ProfileRegisterScene.swift */; };
		DBDCC4671C8CA11500C0DB74 /* TutorialViewController.swift in Sources */ = {isa = PBXBuildFile; fileRef = DBDCC4661C8CA11500C0DB74 /* TutorialViewController.swift */; };
		DBDCC4691C8CB13600C0DB74 /* ProductsList.swift in Sources */ = {isa = PBXBuildFile; fileRef = DBDCC4681C8CB13600C0DB74 /* ProductsList.swift */; };
		DBDFACAA1CB1891D00496833 /* ProfileRegister.storyboard in Resources */ = {isa = PBXBuildFile; fileRef = DBDFACA91CB1891D00496833 /* ProfileRegister.storyboard */; };
		DBEE182E1C9082950065D111 /* ProductRegisterScene.swift in Sources */ = {isa = PBXBuildFile; fileRef = DBEE182D1C9082950065D111 /* ProductRegisterScene.swift */; };
/* End PBXBuildFile section */

/* Begin PBXContainerItemProxy section */
		DB4873C91C8B61C400D09665 /* PBXContainerItemProxy */ = {
			isa = PBXContainerItemProxy;
			containerPortal = DB4873AC1C8B61C400D09665 /* Project object */;
			proxyType = 1;
			remoteGlobalIDString = DB4873B31C8B61C400D09665;
			remoteInfo = TakeOne;
		};
		DB4873D41C8B61C400D09665 /* PBXContainerItemProxy */ = {
			isa = PBXContainerItemProxy;
			containerPortal = DB4873AC1C8B61C400D09665 /* Project object */;
			proxyType = 1;
			remoteGlobalIDString = DB4873B31C8B61C400D09665;
			remoteInfo = TakeOne;
		};
/* End PBXContainerItemProxy section */

/* Begin PBXFileReference section */
		1F441FEBEF8ECFDD0986BDB8 /* Pods.debug.xcconfig */ = {isa = PBXFileReference; includeInIndex = 1; lastKnownFileType = text.xcconfig; name = Pods.debug.xcconfig; path = "Pods/Target Support Files/Pods/Pods.debug.xcconfig"; sourceTree = "<group>"; };
		6B09E41A1CF302D400971E2B /* FormViewController.swift */ = {isa = PBXFileReference; fileEncoding = 4; lastKnownFileType = sourcecode.swift; path = FormViewController.swift; sourceTree = "<group>"; };
		6B09E4201CF4545400971E2B /* Form.storyboard */ = {isa = PBXFileReference; fileEncoding = 4; lastKnownFileType = file.storyboard; path = Form.storyboard; sourceTree = "<group>"; };
		6B09E4221CF4575200971E2B /* FormImageTableViewCell.swift */ = {isa = PBXFileReference; fileEncoding = 4; lastKnownFileType = sourcecode.swift; path = FormImageTableViewCell.swift; sourceTree = "<group>"; };
		6B09E4231CF4575200971E2B /* FormImageTableViewCell.xib */ = {isa = PBXFileReference; fileEncoding = 4; lastKnownFileType = file.xib; path = FormImageTableViewCell.xib; sourceTree = "<group>"; };
		6B09E4261CF45F4C00971E2B /* FormTableView.swift */ = {isa = PBXFileReference; fileEncoding = 4; lastKnownFileType = sourcecode.swift; path = FormTableView.swift; sourceTree = "<group>"; };
		6B09E4281CF7DA7C00971E2B /* BaseTabBarController.swift */ = {isa = PBXFileReference; fileEncoding = 4; lastKnownFileType = sourcecode.swift; path = BaseTabBarController.swift; sourceTree = "<group>"; };
		6B09E42A1CF7DAB700971E2B /* Home.storyboard */ = {isa = PBXFileReference; fileEncoding = 4; lastKnownFileType = file.storyboard; path = Home.storyboard; sourceTree = "<group>"; };
		6B75171E1CFC1CB6007E777E /* ImageChose.png */ = {isa = PBXFileReference; lastKnownFileType = image.png; name = ImageChose.png; path = TakeOne/Images/ImageChose.png; sourceTree = "<group>"; };
		6B75171F1CFC1CB6007E777E /* right.png */ = {isa = PBXFileReference; lastKnownFileType = image.png; name = right.png; path = TakeOne/Images/right.png; sourceTree = "<group>"; };
		6B7517221CFC24DF007E777E /* LaunchScreen.xib */ = {isa = PBXFileReference; fileEncoding = 4; lastKnownFileType = file.xib; path = LaunchScreen.xib; sourceTree = "<group>"; };
		96AF9574B47CB357040D7D21 /* Pods.framework */ = {isa = PBXFileReference; explicitFileType = wrapper.framework; includeInIndex = 0; path = Pods.framework; sourceTree = BUILT_PRODUCTS_DIR; };
		A22AEF621D011AB70034616C /* Feed.storyboard */ = {isa = PBXFileReference; fileEncoding = 4; lastKnownFileType = file.storyboard; path = Feed.storyboard; sourceTree = "<group>"; };
		A22AEF631D011AB70034616C /* FeedViewController.swift */ = {isa = PBXFileReference; fileEncoding = 4; lastKnownFileType = sourcecode.swift; path = FeedViewController.swift; sourceTree = "<group>"; };
		A22AEF671D011AC90034616C /* Message.storyboard */ = {isa = PBXFileReference; fileEncoding = 4; lastKnownFileType = file.storyboard; path = Message.storyboard; sourceTree = "<group>"; };
		A22AEF681D011AC90034616C /* MessageViewController.swift */ = {isa = PBXFileReference; fileEncoding = 4; lastKnownFileType = sourcecode.swift; path = MessageViewController.swift; sourceTree = "<group>"; };
		A22AEF6A1D011AC90034616C /* Mypage.storyboard */ = {isa = PBXFileReference; fileEncoding = 4; lastKnownFileType = file.storyboard; path = Mypage.storyboard; sourceTree = "<group>"; };
		A22AEF6B1D011AC90034616C /* MypageViewController.swift */ = {isa = PBXFileReference; fileEncoding = 4; lastKnownFileType = sourcecode.swift; path = MypageViewController.swift; sourceTree = "<group>"; };
		A22AEF711D011AD80034616C /* Registration ViewController.swift */ = {isa = PBXFileReference; fileEncoding = 4; lastKnownFileType = sourcecode.swift; path = "Registration ViewController.swift"; sourceTree = "<group>"; };
		A22AEF721D011AD80034616C /* Registration.storyboard */ = {isa = PBXFileReference; fileEncoding = 4; lastKnownFileType = file.storyboard; path = Registration.storyboard; sourceTree = "<group>"; };
		A22AEF741D011AD80034616C /* Search.storyboard */ = {isa = PBXFileReference; fileEncoding = 4; lastKnownFileType = file.storyboard; path = Search.storyboard; sourceTree = "<group>"; };
		A22AEF751D011AD80034616C /* SearchViewController.swift */ = {isa = PBXFileReference; fileEncoding = 4; lastKnownFileType = sourcecode.swift; path = SearchViewController.swift; sourceTree = "<group>"; };
		A22AEF801D015ABE0034616C /* FeedTableView.swift */ = {isa = PBXFileReference; fileEncoding = 4; lastKnownFileType = sourcecode.swift; path = FeedTableView.swift; sourceTree = "<group>"; };
		D5107AFAF760F7796284467A /* Pods.release.xcconfig */ = {isa = PBXFileReference; includeInIndex = 1; lastKnownFileType = text.xcconfig; name = Pods.release.xcconfig; path = "Pods/Target Support Files/Pods/Pods.release.xcconfig"; sourceTree = "<group>"; };
		DB4873B41C8B61C400D09665 /* TakeOne.app */ = {isa = PBXFileReference; explicitFileType = wrapper.application; includeInIndex = 0; path = TakeOne.app; sourceTree = BUILT_PRODUCTS_DIR; };
		DB4873B71C8B61C400D09665 /* AppDelegate.swift */ = {isa = PBXFileReference; lastKnownFileType = sourcecode.swift; path = AppDelegate.swift; sourceTree = "<group>"; };
		DB4873B91C8B61C400D09665 /* ViewController.swift */ = {isa = PBXFileReference; lastKnownFileType = sourcecode.swift; path = ViewController.swift; sourceTree = "<group>"; };
		DB4873BC1C8B61C400D09665 /* Base */ = {isa = PBXFileReference; lastKnownFileType = file.storyboard; name = Base; path = Base.lproj/Main.storyboard; sourceTree = "<group>"; };
		DB4873BE1C8B61C400D09665 /* Assets.xcassets */ = {isa = PBXFileReference; lastKnownFileType = folder.assetcatalog; path = Assets.xcassets; sourceTree = "<group>"; };
		DB4873C31C8B61C400D09665 /* Info.plist */ = {isa = PBXFileReference; lastKnownFileType = text.plist.xml; path = Info.plist; sourceTree = "<group>"; };
		DB4873C81C8B61C400D09665 /* TakeOneTests.xctest */ = {isa = PBXFileReference; explicitFileType = wrapper.cfbundle; includeInIndex = 0; path = TakeOneTests.xctest; sourceTree = BUILT_PRODUCTS_DIR; };
		DB4873CC1C8B61C400D09665 /* TakeOneTests.swift */ = {isa = PBXFileReference; lastKnownFileType = sourcecode.swift; path = TakeOneTests.swift; sourceTree = "<group>"; };
		DB4873CE1C8B61C400D09665 /* Info.plist */ = {isa = PBXFileReference; lastKnownFileType = text.plist.xml; path = Info.plist; sourceTree = "<group>"; };
		DB4873D31C8B61C400D09665 /* TakeOneUITests.xctest */ = {isa = PBXFileReference; explicitFileType = wrapper.cfbundle; includeInIndex = 0; path = TakeOneUITests.xctest; sourceTree = BUILT_PRODUCTS_DIR; };
		DB4873D71C8B61C400D09665 /* TakeOneUITests.swift */ = {isa = PBXFileReference; lastKnownFileType = sourcecode.swift; path = TakeOneUITests.swift; sourceTree = "<group>"; };
		DB4873D91C8B61C400D09665 /* Info.plist */ = {isa = PBXFileReference; lastKnownFileType = text.plist.xml; path = Info.plist; sourceTree = "<group>"; };
		DB5C46E41C8C17180095B5C4 /* cH1.png */ = {isa = PBXFileReference; lastKnownFileType = image.png; name = cH1.png; path = TakeOne/Images/cH1.png; sourceTree = "<group>"; };
		DB5C46E51C8C17180095B5C4 /* cH2.png */ = {isa = PBXFileReference; lastKnownFileType = image.png; name = cH2.png; path = TakeOne/Images/cH2.png; sourceTree = "<group>"; };
		DB5C46E61C8C17180095B5C4 /* cH3.png */ = {isa = PBXFileReference; lastKnownFileType = image.png; name = cH3.png; path = TakeOne/Images/cH3.png; sourceTree = "<group>"; };
		DB5C46E71C8C17180095B5C4 /* logBg.png */ = {isa = PBXFileReference; lastKnownFileType = image.png; name = logBg.png; path = TakeOne/Images/logBg.png; sourceTree = "<group>"; };
		DB5C46E81C8C17180095B5C4 /* logo.png */ = {isa = PBXFileReference; lastKnownFileType = image.png; name = logo.png; path = TakeOne/Images/logo.png; sourceTree = "<group>"; };
		DBD22B721CB2750D00CD2F18 /* ProductList.storyboard */ = {isa = PBXFileReference; fileEncoding = 4; lastKnownFileType = file.storyboard; path = ProductList.storyboard; sourceTree = "<group>"; };
		DBD912B61C8DAF9500A9CD80 /* ProfileRegisterScene.swift */ = {isa = PBXFileReference; fileEncoding = 4; lastKnownFileType = sourcecode.swift; path = ProfileRegisterScene.swift; sourceTree = "<group>"; };
		DBDCC4661C8CA11500C0DB74 /* TutorialViewController.swift */ = {isa = PBXFileReference; fileEncoding = 4; lastKnownFileType = sourcecode.swift; path = TutorialViewController.swift; sourceTree = "<group>"; };
		DBDCC4681C8CB13600C0DB74 /* ProductsList.swift */ = {isa = PBXFileReference; fileEncoding = 4; lastKnownFileType = sourcecode.swift; path = ProductsList.swift; sourceTree = "<group>"; };
		DBDFACA91CB1891D00496833 /* ProfileRegister.storyboard */ = {isa = PBXFileReference; fileEncoding = 4; lastKnownFileType = file.storyboard; path = ProfileRegister.storyboard; sourceTree = "<group>"; };
		DBEE182D1C9082950065D111 /* ProductRegisterScene.swift */ = {isa = PBXFileReference; fileEncoding = 4; lastKnownFileType = sourcecode.swift; path = ProductRegisterScene.swift; sourceTree = "<group>"; };
/* End PBXFileReference section */

/* Begin PBXFrameworksBuildPhase section */
		DB4873B11C8B61C400D09665 /* Frameworks */ = {
			isa = PBXFrameworksBuildPhase;
			buildActionMask = 2147483647;
			files = (
				66D6476E7478ACAD0B46D6BC /* Pods.framework in Frameworks */,
			);
			runOnlyForDeploymentPostprocessing = 0;
		};
		DB4873C51C8B61C400D09665 /* Frameworks */ = {
			isa = PBXFrameworksBuildPhase;
			buildActionMask = 2147483647;
			files = (
			);
			runOnlyForDeploymentPostprocessing = 0;
		};
		DB4873D01C8B61C400D09665 /* Frameworks */ = {
			isa = PBXFrameworksBuildPhase;
			buildActionMask = 2147483647;
			files = (
			);
			runOnlyForDeploymentPostprocessing = 0;
		};
/* End PBXFrameworksBuildPhase section */

/* Begin PBXGroup section */
		5D5F35D3F21326573B8D301B /* Frameworks */ = {
			isa = PBXGroup;
			children = (
				96AF9574B47CB357040D7D21 /* Pods.framework */,
			);
			name = Frameworks;
			sourceTree = "<group>";
		};
		6B09E40A1CF2F28D00971E2B /* Form */ = {
			isa = PBXGroup;
			children = (
				6B09E4261CF45F4C00971E2B /* FormTableView.swift */,
				6B09E41A1CF302D400971E2B /* FormViewController.swift */,
				6B09E4201CF4545400971E2B /* Form.storyboard */,
				6B09E4221CF4575200971E2B /* FormImageTableViewCell.swift */,
				6B09E4231CF4575200971E2B /* FormImageTableViewCell.xib */,
			);
			name = Form;
			sourceTree = "<group>";
		};
		A22AEF611D011AB70034616C /* Feed */ = {
			isa = PBXGroup;
			children = (
				A22AEF7A1D014DBD0034616C /* Views */,
				A22AEF631D011AB70034616C /* FeedViewController.swift */,
				A22AEF621D011AB70034616C /* Feed.storyboard */,
			);
			path = Feed;
			sourceTree = "<group>";
		};
		A22AEF661D011AC90034616C /* Message */ = {
			isa = PBXGroup;
			children = (
				A22AEF671D011AC90034616C /* Message.storyboard */,
				A22AEF681D011AC90034616C /* MessageViewController.swift */,
			);
			path = Message;
			sourceTree = "<group>";
		};
		A22AEF691D011AC90034616C /* Mypage */ = {
			isa = PBXGroup;
			children = (
				A22AEF6B1D011AC90034616C /* MypageViewController.swift */,
				A22AEF6A1D011AC90034616C /* Mypage.storyboard */,
			);
			path = Mypage;
			sourceTree = "<group>";
		};
		A22AEF701D011AD80034616C /* Registration */ = {
			isa = PBXGroup;
			children = (
				A22AEF711D011AD80034616C /* Registration ViewController.swift */,
				A22AEF721D011AD80034616C /* Registration.storyboard */,
			);
			path = Registration;
			sourceTree = "<group>";
		};
		A22AEF731D011AD80034616C /* Search */ = {
			isa = PBXGroup;
			children = (
				A22AEF751D011AD80034616C /* SearchViewController.swift */,
				A22AEF741D011AD80034616C /* Search.storyboard */,
			);
			path = Search;
			sourceTree = "<group>";
		};
		A22AEF7A1D014DBD0034616C /* Views */ = {
			isa = PBXGroup;
			children = (
				A22AEF7F1D015A9D0034616C /* Feed */,
			);
			path = Views;
			sourceTree = "<group>";
		};
		A22AEF7F1D015A9D0034616C /* Feed */ = {
			isa = PBXGroup;
			children = (
				A22AEF801D015ABE0034616C /* FeedTableView.swift */,
			);
			path = Feed;
			sourceTree = "<group>";
		};
		DB4873AB1C8B61C400D09665 = {
			isa = PBXGroup;
			children = (
				DB5C46E31C8C16BE0095B5C4 /* Images */,
				DB4873B61C8B61C400D09665 /* TakeOne */,
				DB4873CB1C8B61C400D09665 /* TakeOneTests */,
				DB4873D61C8B61C400D09665 /* TakeOneUITests */,
				DB4873B51C8B61C400D09665 /* Products */,
				EF66F1BCC6EAE611E85A032F /* Pods */,
				5D5F35D3F21326573B8D301B /* Frameworks */,
			);
			sourceTree = "<group>";
		};
		DB4873B51C8B61C400D09665 /* Products */ = {
			isa = PBXGroup;
			children = (
				DB4873B41C8B61C400D09665 /* TakeOne.app */,
				DB4873C81C8B61C400D09665 /* TakeOneTests.xctest */,
				DB4873D31C8B61C400D09665 /* TakeOneUITests.xctest */,
			);
			name = Products;
			sourceTree = "<group>";
		};
		DB4873B61C8B61C400D09665 /* TakeOne */ = {
			isa = PBXGroup;
			children = (
				6B09E4281CF7DA7C00971E2B /* BaseTabBarController.swift */,
				6B7517221CFC24DF007E777E /* LaunchScreen.xib */,
				6B09E42A1CF7DAB700971E2B /* Home.storyboard */,
				A22AEF661D011AC90034616C /* Message */,
				A22AEF691D011AC90034616C /* Mypage */,
				A22AEF701D011AD80034616C /* Registration */,
				A22AEF731D011AD80034616C /* Search */,
				A22AEF611D011AB70034616C /* Feed */,
				DBDFACA81CB188BE00496833 /* LoginView */,
				DB4873B71C8B61C400D09665 /* AppDelegate.swift */,
				DBEE182D1C9082950065D111 /* ProductRegisterScene.swift */,
				DBDFACAB1CB1892300496833 /* ProfileRegisterView */,
				DB4873BE1C8B61C400D09665 /* Assets.xcassets */,
				DB4873C31C8B61C400D09665 /* Info.plist */,
				DBDCC4681C8CB13600C0DB74 /* ProductsList.swift */,
				DBD22B721CB2750D00CD2F18 /* ProductList.storyboard */,
				6B09E40A1CF2F28D00971E2B /* Form */,
			);
			path = TakeOne;
			sourceTree = "<group>";
		};
		DB4873CB1C8B61C400D09665 /* TakeOneTests */ = {
			isa = PBXGroup;
			children = (
				DB4873CC1C8B61C400D09665 /* TakeOneTests.swift */,
				DB4873CE1C8B61C400D09665 /* Info.plist */,
			);
			path = TakeOneTests;
			sourceTree = "<group>";
		};
		DB4873D61C8B61C400D09665 /* TakeOneUITests */ = {
			isa = PBXGroup;
			children = (
				DB4873D71C8B61C400D09665 /* TakeOneUITests.swift */,
				DB4873D91C8B61C400D09665 /* Info.plist */,
			);
			path = TakeOneUITests;
			sourceTree = "<group>";
		};
		DB5C46E31C8C16BE0095B5C4 /* Images */ = {
			isa = PBXGroup;
			children = (
				DB5C46E41C8C17180095B5C4 /* cH1.png */,
				DB5C46E51C8C17180095B5C4 /* cH2.png */,
				6B75171E1CFC1CB6007E777E /* ImageChose.png */,
				6B75171F1CFC1CB6007E777E /* right.png */,
				DB5C46E61C8C17180095B5C4 /* cH3.png */,
				DB5C46E71C8C17180095B5C4 /* logBg.png */,
				DB5C46E81C8C17180095B5C4 /* logo.png */,
			);
			name = Images;
			sourceTree = "<group>";
		};
		DBDFACA81CB188BE00496833 /* LoginView */ = {
			isa = PBXGroup;
			children = (
				DB4873B91C8B61C400D09665 /* ViewController.swift */,
				DBDCC4661C8CA11500C0DB74 /* TutorialViewController.swift */,
				DB4873BB1C8B61C400D09665 /* Main.storyboard */,
			);
			name = LoginView;
			sourceTree = "<group>";
		};
		DBDFACAB1CB1892300496833 /* ProfileRegisterView */ = {
			isa = PBXGroup;
			children = (
				DBD912B61C8DAF9500A9CD80 /* ProfileRegisterScene.swift */,
				DBDFACA91CB1891D00496833 /* ProfileRegister.storyboard */,
			);
			name = ProfileRegisterView;
			sourceTree = "<group>";
		};
		EF66F1BCC6EAE611E85A032F /* Pods */ = {
			isa = PBXGroup;
			children = (
				1F441FEBEF8ECFDD0986BDB8 /* Pods.debug.xcconfig */,
				D5107AFAF760F7796284467A /* Pods.release.xcconfig */,
			);
			name = Pods;
			sourceTree = "<group>";
		};
/* End PBXGroup section */

/* Begin PBXNativeTarget section */
		DB4873B31C8B61C400D09665 /* TakeOne */ = {
			isa = PBXNativeTarget;
			buildConfigurationList = DB4873DC1C8B61C400D09665 /* Build configuration list for PBXNativeTarget "TakeOne" */;
			buildPhases = (
				6E886E8A87D3A086FB0C574C /* Check Pods Manifest.lock */,
				DB4873B01C8B61C400D09665 /* Sources */,
				DB4873B11C8B61C400D09665 /* Frameworks */,
				DB4873B21C8B61C400D09665 /* Resources */,
				4BF23556B9F4D488A4978672 /* Embed Pods Frameworks */,
				BEE6FE05697672084ABDA648 /* Copy Pods Resources */,
			);
			buildRules = (
			);
			dependencies = (
			);
			name = TakeOne;
			productName = TakeOne;
			productReference = DB4873B41C8B61C400D09665 /* TakeOne.app */;
			productType = "com.apple.product-type.application";
		};
		DB4873C71C8B61C400D09665 /* TakeOneTests */ = {
			isa = PBXNativeTarget;
			buildConfigurationList = DB4873DF1C8B61C400D09665 /* Build configuration list for PBXNativeTarget "TakeOneTests" */;
			buildPhases = (
				DB4873C41C8B61C400D09665 /* Sources */,
				DB4873C51C8B61C400D09665 /* Frameworks */,
				DB4873C61C8B61C400D09665 /* Resources */,
			);
			buildRules = (
			);
			dependencies = (
				DB4873CA1C8B61C400D09665 /* PBXTargetDependency */,
			);
			name = TakeOneTests;
			productName = TakeOneTests;
			productReference = DB4873C81C8B61C400D09665 /* TakeOneTests.xctest */;
			productType = "com.apple.product-type.bundle.unit-test";
		};
		DB4873D21C8B61C400D09665 /* TakeOneUITests */ = {
			isa = PBXNativeTarget;
			buildConfigurationList = DB4873E21C8B61C400D09665 /* Build configuration list for PBXNativeTarget "TakeOneUITests" */;
			buildPhases = (
				DB4873CF1C8B61C400D09665 /* Sources */,
				DB4873D01C8B61C400D09665 /* Frameworks */,
				DB4873D11C8B61C400D09665 /* Resources */,
			);
			buildRules = (
			);
			dependencies = (
				DB4873D51C8B61C400D09665 /* PBXTargetDependency */,
			);
			name = TakeOneUITests;
			productName = TakeOneUITests;
			productReference = DB4873D31C8B61C400D09665 /* TakeOneUITests.xctest */;
			productType = "com.apple.product-type.bundle.ui-testing";
		};
/* End PBXNativeTarget section */

/* Begin PBXProject section */
		DB4873AC1C8B61C400D09665 /* Project object */ = {
			isa = PBXProject;
			attributes = {
				LastSwiftUpdateCheck = 0720;
				LastUpgradeCheck = 0720;
				ORGANIZATIONNAME = YuichiSawada;
				TargetAttributes = {
					DB4873B31C8B61C400D09665 = {
						CreatedOnToolsVersion = 7.2.1;
						DevelopmentTeam = DQUR3JM8V4;
					};
					DB4873C71C8B61C400D09665 = {
						CreatedOnToolsVersion = 7.2.1;
						TestTargetID = DB4873B31C8B61C400D09665;
					};
					DB4873D21C8B61C400D09665 = {
						CreatedOnToolsVersion = 7.2.1;
						TestTargetID = DB4873B31C8B61C400D09665;
					};
				};
			};
			buildConfigurationList = DB4873AF1C8B61C400D09665 /* Build configuration list for PBXProject "TakeOne" */;
			compatibilityVersion = "Xcode 3.2";
			developmentRegion = English;
			hasScannedForEncodings = 0;
			knownRegions = (
				en,
				Base,
			);
			mainGroup = DB4873AB1C8B61C400D09665;
			productRefGroup = DB4873B51C8B61C400D09665 /* Products */;
			projectDirPath = "";
			projectRoot = "";
			targets = (
				DB4873B31C8B61C400D09665 /* TakeOne */,
				DB4873C71C8B61C400D09665 /* TakeOneTests */,
				DB4873D21C8B61C400D09665 /* TakeOneUITests */,
			);
		};
/* End PBXProject section */

/* Begin PBXResourcesBuildPhase section */
		DB4873B21C8B61C400D09665 /* Resources */ = {
			isa = PBXResourcesBuildPhase;
			buildActionMask = 2147483647;
			files = (
				6B7517231CFC24DF007E777E /* LaunchScreen.xib in Resources */,
				DBD22B731CB2750D00CD2F18 /* ProductList.storyboard in Resources */,
				DB5C46EB1C8C17180095B5C4 /* cH3.png in Resources */,
				DB5C46EC1C8C17180095B5C4 /* logBg.png in Resources */,
				DB5C46EA1C8C17180095B5C4 /* cH2.png in Resources */,
				DB5C46ED1C8C17180095B5C4 /* logo.png in Resources */,
				DB4873BF1C8B61C400D09665 /* Assets.xcassets in Resources */,
				6B09E42B1CF7DAB700971E2B /* Home.storyboard in Resources */,
				A22AEF641D011AB70034616C /* Feed.storyboard in Resources */,
				6B7517211CFC1CB6007E777E /* right.png in Resources */,
				DB5C46E91C8C17180095B5C4 /* cH1.png in Resources */,
				DB4873BD1C8B61C400D09665 /* Main.storyboard in Resources */,
				6B7517201CFC1CB6007E777E /* ImageChose.png in Resources */,
				A22AEF6E1D011AC90034616C /* Mypage.storyboard in Resources */,
				A22AEF781D011AD80034616C /* Search.storyboard in Resources */,
				6B09E4251CF4575200971E2B /* FormImageTableViewCell.xib in Resources */,
				A22AEF6C1D011AC90034616C /* Message.storyboard in Resources */,
				6B09E4211CF4545400971E2B /* Form.storyboard in Resources */,
				A22AEF771D011AD80034616C /* Registration.storyboard in Resources */,
				DBDFACAA1CB1891D00496833 /* ProfileRegister.storyboard in Resources */,
			);
			runOnlyForDeploymentPostprocessing = 0;
		};
		DB4873C61C8B61C400D09665 /* Resources */ = {
			isa = PBXResourcesBuildPhase;
			buildActionMask = 2147483647;
			files = (
			);
			runOnlyForDeploymentPostprocessing = 0;
		};
		DB4873D11C8B61C400D09665 /* Resources */ = {
			isa = PBXResourcesBuildPhase;
			buildActionMask = 2147483647;
			files = (
			);
			runOnlyForDeploymentPostprocessing = 0;
		};
/* End PBXResourcesBuildPhase section */

/* Begin PBXShellScriptBuildPhase section */
		4BF23556B9F4D488A4978672 /* Embed Pods Frameworks */ = {
			isa = PBXShellScriptBuildPhase;
			buildActionMask = 2147483647;
			files = (
			);
			inputPaths = (
			);
			name = "Embed Pods Frameworks";
			outputPaths = (
			);
			runOnlyForDeploymentPostprocessing = 0;
			shellPath = /bin/sh;
			shellScript = "\"${SRCROOT}/Pods/Target Support Files/Pods/Pods-frameworks.sh\"\n";
			showEnvVarsInLog = 0;
		};
		6E886E8A87D3A086FB0C574C /* Check Pods Manifest.lock */ = {
			isa = PBXShellScriptBuildPhase;
			buildActionMask = 2147483647;
			files = (
			);
			inputPaths = (
			);
			name = "Check Pods Manifest.lock";
			outputPaths = (
			);
			runOnlyForDeploymentPostprocessing = 0;
			shellPath = /bin/sh;
			shellScript = "diff \"${PODS_ROOT}/../Podfile.lock\" \"${PODS_ROOT}/Manifest.lock\" > /dev/null\nif [[ $? != 0 ]] ; then\n    cat << EOM\nerror: The sandbox is not in sync with the Podfile.lock. Run 'pod install' or update your CocoaPods installation.\nEOM\n    exit 1\nfi\n";
			showEnvVarsInLog = 0;
		};
		BEE6FE05697672084ABDA648 /* Copy Pods Resources */ = {
			isa = PBXShellScriptBuildPhase;
			buildActionMask = 2147483647;
			files = (
			);
			inputPaths = (
			);
			name = "Copy Pods Resources";
			outputPaths = (
			);
			runOnlyForDeploymentPostprocessing = 0;
			shellPath = /bin/sh;
			shellScript = "\"${SRCROOT}/Pods/Target Support Files/Pods/Pods-resources.sh\"\n";
			showEnvVarsInLog = 0;
		};
/* End PBXShellScriptBuildPhase section */

/* Begin PBXSourcesBuildPhase section */
		DB4873B01C8B61C400D09665 /* Sources */ = {
			isa = PBXSourcesBuildPhase;
			buildActionMask = 2147483647;
			files = (
				A22AEF791D011AD80034616C /* SearchViewController.swift in Sources */,
				DBD912B71C8DAF9500A9CD80 /* ProfileRegisterScene.swift in Sources */,
				6B09E4241CF4575200971E2B /* FormImageTableViewCell.swift in Sources */,
				A22AEF651D011AB70034616C /* FeedViewController.swift in Sources */,
				A22AEF6F1D011AC90034616C /* MypageViewController.swift in Sources */,
				A22AEF811D015ABE0034616C /* FeedTableView.swift in Sources */,
				6B09E4291CF7DA7C00971E2B /* BaseTabBarController.swift in Sources */,
				6B09E4271CF45F4C00971E2B /* FormTableView.swift in Sources */,
				6B09E41B1CF302D400971E2B /* FormViewController.swift in Sources */,
				DB4873BA1C8B61C400D09665 /* ViewController.swift in Sources */,
				DBDCC4691C8CB13600C0DB74 /* ProductsList.swift in Sources */,
				DBDCC4671C8CA11500C0DB74 /* TutorialViewController.swift in Sources */,
				DB4873B81C8B61C400D09665 /* AppDelegate.swift in Sources */,
				A22AEF6D1D011AC90034616C /* MessageViewController.swift in Sources */,
				A22AEF761D011AD80034616C /* Registration ViewController.swift in Sources */,
				DBEE182E1C9082950065D111 /* ProductRegisterScene.swift in Sources */,
			);
			runOnlyForDeploymentPostprocessing = 0;
		};
		DB4873C41C8B61C400D09665 /* Sources */ = {
			isa = PBXSourcesBuildPhase;
			buildActionMask = 2147483647;
			files = (
				DB4873CD1C8B61C400D09665 /* TakeOneTests.swift in Sources */,
			);
			runOnlyForDeploymentPostprocessing = 0;
		};
		DB4873CF1C8B61C400D09665 /* Sources */ = {
			isa = PBXSourcesBuildPhase;
			buildActionMask = 2147483647;
			files = (
				DB4873D81C8B61C400D09665 /* TakeOneUITests.swift in Sources */,
			);
			runOnlyForDeploymentPostprocessing = 0;
		};
/* End PBXSourcesBuildPhase section */

/* Begin PBXTargetDependency section */
		DB4873CA1C8B61C400D09665 /* PBXTargetDependency */ = {
			isa = PBXTargetDependency;
			target = DB4873B31C8B61C400D09665 /* TakeOne */;
			targetProxy = DB4873C91C8B61C400D09665 /* PBXContainerItemProxy */;
		};
		DB4873D51C8B61C400D09665 /* PBXTargetDependency */ = {
			isa = PBXTargetDependency;
			target = DB4873B31C8B61C400D09665 /* TakeOne */;
			targetProxy = DB4873D41C8B61C400D09665 /* PBXContainerItemProxy */;
		};
/* End PBXTargetDependency section */

/* Begin PBXVariantGroup section */
		DB4873BB1C8B61C400D09665 /* Main.storyboard */ = {
			isa = PBXVariantGroup;
			children = (
				DB4873BC1C8B61C400D09665 /* Base */,
			);
			name = Main.storyboard;
			sourceTree = "<group>";
		};
/* End PBXVariantGroup section */

/* Begin XCBuildConfiguration section */
		DB4873DA1C8B61C400D09665 /* Debug */ = {
			isa = XCBuildConfiguration;
			buildSettings = {
				ALWAYS_SEARCH_USER_PATHS = NO;
				CLANG_CXX_LANGUAGE_STANDARD = "gnu++0x";
				CLANG_CXX_LIBRARY = "libc++";
				CLANG_ENABLE_MODULES = YES;
				CLANG_ENABLE_OBJC_ARC = YES;
				CLANG_WARN_BOOL_CONVERSION = YES;
				CLANG_WARN_CONSTANT_CONVERSION = YES;
				CLANG_WARN_DIRECT_OBJC_ISA_USAGE = YES_ERROR;
				CLANG_WARN_EMPTY_BODY = YES;
				CLANG_WARN_ENUM_CONVERSION = YES;
				CLANG_WARN_INT_CONVERSION = YES;
				CLANG_WARN_OBJC_ROOT_CLASS = YES_ERROR;
				CLANG_WARN_UNREACHABLE_CODE = YES;
				CLANG_WARN__DUPLICATE_METHOD_MATCH = YES;
				"CODE_SIGN_IDENTITY[sdk=iphoneos*]" = "iPhone Developer";
				COPY_PHASE_STRIP = NO;
				DEBUG_INFORMATION_FORMAT = dwarf;
				ENABLE_STRICT_OBJC_MSGSEND = YES;
				ENABLE_TESTABILITY = YES;
				GCC_C_LANGUAGE_STANDARD = gnu99;
				GCC_DYNAMIC_NO_PIC = NO;
				GCC_NO_COMMON_BLOCKS = YES;
				GCC_OPTIMIZATION_LEVEL = 0;
				GCC_PREPROCESSOR_DEFINITIONS = (
					"DEBUG=1",
					"$(inherited)",
				);
				GCC_WARN_64_TO_32_BIT_CONVERSION = YES;
				GCC_WARN_ABOUT_RETURN_TYPE = YES_ERROR;
				GCC_WARN_UNDECLARED_SELECTOR = YES;
				GCC_WARN_UNINITIALIZED_AUTOS = YES_AGGRESSIVE;
				GCC_WARN_UNUSED_FUNCTION = YES;
				GCC_WARN_UNUSED_VARIABLE = YES;
				IPHONEOS_DEPLOYMENT_TARGET = 8.0;
				MTL_ENABLE_DEBUG_INFO = YES;
				ONLY_ACTIVE_ARCH = YES;
				SDKROOT = iphoneos;
				SWIFT_OPTIMIZATION_LEVEL = "-Onone";
			};
			name = Debug;
		};
		DB4873DB1C8B61C400D09665 /* Release */ = {
			isa = XCBuildConfiguration;
			buildSettings = {
				ALWAYS_SEARCH_USER_PATHS = NO;
				CLANG_CXX_LANGUAGE_STANDARD = "gnu++0x";
				CLANG_CXX_LIBRARY = "libc++";
				CLANG_ENABLE_MODULES = YES;
				CLANG_ENABLE_OBJC_ARC = YES;
				CLANG_WARN_BOOL_CONVERSION = YES;
				CLANG_WARN_CONSTANT_CONVERSION = YES;
				CLANG_WARN_DIRECT_OBJC_ISA_USAGE = YES_ERROR;
				CLANG_WARN_EMPTY_BODY = YES;
				CLANG_WARN_ENUM_CONVERSION = YES;
				CLANG_WARN_INT_CONVERSION = YES;
				CLANG_WARN_OBJC_ROOT_CLASS = YES_ERROR;
				CLANG_WARN_UNREACHABLE_CODE = YES;
				CLANG_WARN__DUPLICATE_METHOD_MATCH = YES;
				"CODE_SIGN_IDENTITY[sdk=iphoneos*]" = "iPhone Developer";
				COPY_PHASE_STRIP = NO;
				DEBUG_INFORMATION_FORMAT = "dwarf-with-dsym";
				ENABLE_NS_ASSERTIONS = NO;
				ENABLE_STRICT_OBJC_MSGSEND = YES;
				GCC_C_LANGUAGE_STANDARD = gnu99;
				GCC_NO_COMMON_BLOCKS = YES;
				GCC_WARN_64_TO_32_BIT_CONVERSION = YES;
				GCC_WARN_ABOUT_RETURN_TYPE = YES_ERROR;
				GCC_WARN_UNDECLARED_SELECTOR = YES;
				GCC_WARN_UNINITIALIZED_AUTOS = YES_AGGRESSIVE;
				GCC_WARN_UNUSED_FUNCTION = YES;
				GCC_WARN_UNUSED_VARIABLE = YES;
				IPHONEOS_DEPLOYMENT_TARGET = 8.0;
				MTL_ENABLE_DEBUG_INFO = NO;
				ONLY_ACTIVE_ARCH = NO;
				SDKROOT = iphoneos;
				VALIDATE_PRODUCT = YES;
			};
			name = Release;
		};
		DB4873DD1C8B61C400D09665 /* Debug */ = {
			isa = XCBuildConfiguration;
			baseConfigurationReference = 1F441FEBEF8ECFDD0986BDB8 /* Pods.debug.xcconfig */;
			buildSettings = {
				ASSETCATALOG_COMPILER_APPICON_NAME = AppIcon;
				CODE_SIGN_IDENTITY = "iPhone Developer";
				INFOPLIST_FILE = TakeOne/Info.plist;
				IPHONEOS_DEPLOYMENT_TARGET = 8.0;
				LD_RUNPATH_SEARCH_PATHS = "$(inherited) @executable_path/Frameworks";
				PRODUCT_BUNDLE_IDENTIFIER = com.yuichi.TakeOne;
				PRODUCT_NAME = "$(TARGET_NAME)";
				TARGETED_DEVICE_FAMILY = "1,2";
			};
			name = Debug;
		};
		DB4873DE1C8B61C400D09665 /* Release */ = {
			isa = XCBuildConfiguration;
			baseConfigurationReference = D5107AFAF760F7796284467A /* Pods.release.xcconfig */;
			buildSettings = {
				ASSETCATALOG_COMPILER_APPICON_NAME = AppIcon;
				CODE_SIGN_IDENTITY = "iPhone Developer";
				INFOPLIST_FILE = TakeOne/Info.plist;
				IPHONEOS_DEPLOYMENT_TARGET = 8.0;
				LD_RUNPATH_SEARCH_PATHS = "$(inherited) @executable_path/Frameworks";
				PRODUCT_BUNDLE_IDENTIFIER = com.yuichi.TakeOne;
				PRODUCT_NAME = "$(TARGET_NAME)";
				TARGETED_DEVICE_FAMILY = "1,2";
			};
			name = Release;
		};
		DB4873E01C8B61C400D09665 /* Debug */ = {
			isa = XCBuildConfiguration;
			buildSettings = {
				BUNDLE_LOADER = "$(TEST_HOST)";
				INFOPLIST_FILE = TakeOneTests/Info.plist;
				LD_RUNPATH_SEARCH_PATHS = "$(inherited) @executable_path/Frameworks @loader_path/Frameworks";
				PRODUCT_BUNDLE_IDENTIFIER = com.yuichi.TakeOneTests;
				PRODUCT_NAME = "$(TARGET_NAME)";
				TEST_HOST = "$(BUILT_PRODUCTS_DIR)/TakeOne.app/TakeOne";
			};
			name = Debug;
		};
		DB4873E11C8B61C400D09665 /* Release */ = {
			isa = XCBuildConfiguration;
			buildSettings = {
				BUNDLE_LOADER = "$(TEST_HOST)";
				INFOPLIST_FILE = TakeOneTests/Info.plist;
				LD_RUNPATH_SEARCH_PATHS = "$(inherited) @executable_path/Frameworks @loader_path/Frameworks";
				PRODUCT_BUNDLE_IDENTIFIER = com.yuichi.TakeOneTests;
				PRODUCT_NAME = "$(TARGET_NAME)";
				TEST_HOST = "$(BUILT_PRODUCTS_DIR)/TakeOne.app/TakeOne";
			};
			name = Release;
		};
		DB4873E31C8B61C400D09665 /* Debug */ = {
			isa = XCBuildConfiguration;
			buildSettings = {
				INFOPLIST_FILE = TakeOneUITests/Info.plist;
				LD_RUNPATH_SEARCH_PATHS = "$(inherited) @executable_path/Frameworks @loader_path/Frameworks";
				PRODUCT_BUNDLE_IDENTIFIER = com.yuichi.TakeOneUITests;
				PRODUCT_NAME = "$(TARGET_NAME)";
				TEST_TARGET_NAME = TakeOne;
				USES_XCTRUNNER = YES;
			};
			name = Debug;
		};
		DB4873E41C8B61C400D09665 /* Release */ = {
			isa = XCBuildConfiguration;
			buildSettings = {
				INFOPLIST_FILE = TakeOneUITests/Info.plist;
				LD_RUNPATH_SEARCH_PATHS = "$(inherited) @executable_path/Frameworks @loader_path/Frameworks";
				PRODUCT_BUNDLE_IDENTIFIER = com.yuichi.TakeOneUITests;
				PRODUCT_NAME = "$(TARGET_NAME)";
				TEST_TARGET_NAME = TakeOne;
				USES_XCTRUNNER = YES;
			};
			name = Release;
		};
/* End XCBuildConfiguration section */

/* Begin XCConfigurationList section */
		DB4873AF1C8B61C400D09665 /* Build configuration list for PBXProject "TakeOne" */ = {
			isa = XCConfigurationList;
			buildConfigurations = (
				DB4873DA1C8B61C400D09665 /* Debug */,
				DB4873DB1C8B61C400D09665 /* Release */,
			);
			defaultConfigurationIsVisible = 0;
			defaultConfigurationName = Release;
		};
		DB4873DC1C8B61C400D09665 /* Build configuration list for PBXNativeTarget "TakeOne" */ = {
			isa = XCConfigurationList;
			buildConfigurations = (
				DB4873DD1C8B61C400D09665 /* Debug */,
				DB4873DE1C8B61C400D09665 /* Release */,
			);
			defaultConfigurationIsVisible = 0;
			defaultConfigurationName = Release;
		};
		DB4873DF1C8B61C400D09665 /* Build configuration list for PBXNativeTarget "TakeOneTests" */ = {
			isa = XCConfigurationList;
			buildConfigurations = (
				DB4873E01C8B61C400D09665 /* Debug */,
				DB4873E11C8B61C400D09665 /* Release */,
			);
			defaultConfigurationIsVisible = 0;
			defaultConfigurationName = Release;
		};
		DB4873E21C8B61C400D09665 /* Build configuration list for PBXNativeTarget "TakeOneUITests" */ = {
			isa = XCConfigurationList;
			buildConfigurations = (
				DB4873E31C8B61C400D09665 /* Debug */,
				DB4873E41C8B61C400D09665 /* Release */,
			);
			defaultConfigurationIsVisible = 0;
			defaultConfigurationName = Release;
		};
/* End XCConfigurationList section */
	};
	rootObject = DB4873AC1C8B61C400D09665 /* Project object */;
}
